
Microsoft Visual Studio Solution File, Format Version 12.00
# Visual Studio Version 17
VisualStudioVersion = 17.14.36511.14 d17.14
MinimumVisualStudioVersion = 10.0.40219.1
Project("{FAE04EC0-301F-11D3-BF4B-00C04F79EFBC}") = "UTS.AvaloniaUI.ComponentTask1", "UTS.AvaloniaUI.ComponentTask1\UTS.AvaloniaUI.ComponentTask1.csproj", "{66B663E1-D884-4BBC-B955-EBFD75BB3A12}"
EndProject
Project("{FAE04EC0-301F-11D3-BF4B-00C04F79EFBC}") = "TickChartControl", "TickChart\TickChartControl.csproj", "{6C22488C-F092-4A90-AA05-2F303DA1C397}"
EndProject
Global
	GlobalSection(SolutionConfigurationPlatforms) = preSolution
		Debug|Any CPU = Debug|Any CPU
		Release|Any CPU = Release|Any CPU
	EndGlobalSection
	GlobalSection(ProjectConfigurationPlatforms) = postSolution
		{66B663E1-D884-4BBC-B955-EBFD75BB3A12}.Debug|Any CPU.ActiveCfg = Debug|Any CPU
		{66B663E1-D884-4BBC-B955-EBFD75BB3A12}.Debug|Any CPU.Build.0 = Debug|Any CPU
		{66B663E1-D884-4BBC-B955-EBFD75BB3A12}.Release|Any CPU.ActiveCfg = Release|Any CPU
		{66B663E1-D884-4BBC-B955-EBFD75BB3A12}.Release|Any CPU.Build.0 = Release|Any CPU
		{6C22488C-F092-4A90-AA05-2F303DA1C397}.Debug|Any CPU.ActiveCfg = Debug|Any CPU
		{6C22488C-F092-4A90-AA05-2F303DA1C397}.Debug|Any CPU.Build.0 = Debug|Any CPU
		{6C22488C-F092-4A90-AA05-2F303DA1C397}.Release|Any CPU.ActiveCfg = Release|Any CPU
		{6C22488C-F092-4A90-AA05-2F303DA1C397}.Release|Any CPU.Build.0 = Release|Any CPU
	EndGlobalSection
	GlobalSection(SolutionProperties) = preSolution
		HideSolutionNode = FALSE
	EndGlobalSection
	GlobalSection(ExtensibilityGlobals) = postSolution
		SolutionGuid = {99D60A97-ED2A-44D4-B629-25D4D3F51F90}
	EndGlobalSection
EndGlobal
